
Microsoft Visual Studio Solution File, Format Version 12.00
# Visual Studio 15
VisualStudioVersion = 15.0.26124.0
MinimumVisualStudioVersion = 15.0.26124.0
Project("{FAE04EC0-301F-11D3-BF4B-00C04F79EFBC}") = "CoffeeRoulette.ConsoleApp", "CoffeeRoulette.ConsoleApp\CoffeeRoulette.ConsoleApp.csproj", "{23FD6BD4-91F6-495F-9636-AFD55059B197}"
EndProject
Project("{FAE04EC0-301F-11D3-BF4B-00C04F79EFBC}") = "CoffeeRoulette.Domain", "CoffeeRoulette.Domain\CoffeeRoulette.Domain.csproj", "{5ED56844-ADB2-41AD-9457-4B65978B3CC5}"
EndProject
Project("{FAE04EC0-301F-11D3-BF4B-00C04F79EFBC}") = "CoffeeRoulette.Infrastructure.Storage", "CoffeeRoulette.Infrastructure.Storage\CoffeeRoulette.Infrastructure.Storage.csproj", "{B236EDA0-334D-49F3-AC3E-ED5B57B4CD8D}"
EndProject
Global
	GlobalSection(SolutionConfigurationPlatforms) = preSolution
		Debug|Any CPU = Debug|Any CPU
		Debug|x64 = Debug|x64
		Debug|x86 = Debug|x86
		Release|Any CPU = Release|Any CPU
		Release|x64 = Release|x64
		Release|x86 = Release|x86
	EndGlobalSection
	GlobalSection(SolutionProperties) = preSolution
		HideSolutionNode = FALSE
	EndGlobalSection
	GlobalSection(ProjectConfigurationPlatforms) = postSolution
		{23FD6BD4-91F6-495F-9636-AFD55059B197}.Debug|Any CPU.ActiveCfg = Debug|Any CPU
		{23FD6BD4-91F6-495F-9636-AFD55059B197}.Debug|Any CPU.Build.0 = Debug|Any CPU
		{23FD6BD4-91F6-495F-9636-AFD55059B197}.Debug|x64.ActiveCfg = Debug|Any CPU
		{23FD6BD4-91F6-495F-9636-AFD55059B197}.Debug|x64.Build.0 = Debug|Any CPU
		{23FD6BD4-91F6-495F-9636-AFD55059B197}.Debug|x86.ActiveCfg = Debug|Any CPU
		{23FD6BD4-91F6-495F-9636-AFD55059B197}.Debug|x86.Build.0 = Debug|Any CPU
		{23FD6BD4-91F6-495F-9636-AFD55059B197}.Release|Any CPU.ActiveCfg = Release|Any CPU
		{23FD6BD4-91F6-495F-9636-AFD55059B197}.Release|Any CPU.Build.0 = Release|Any CPU
		{23FD6BD4-91F6-495F-9636-AFD55059B197}.Release|x64.ActiveCfg = Release|Any CPU
		{23FD6BD4-91F6-495F-9636-AFD55059B197}.Release|x64.Build.0 = Release|Any CPU
		{23FD6BD4-91F6-495F-9636-AFD55059B197}.Release|x86.ActiveCfg = Release|Any CPU
		{23FD6BD4-91F6-495F-9636-AFD55059B197}.Release|x86.Build.0 = Release|Any CPU
		{5ED56844-ADB2-41AD-9457-4B65978B3CC5}.Debug|Any CPU.ActiveCfg = Debug|Any CPU
		{5ED56844-ADB2-41AD-9457-4B65978B3CC5}.Debug|Any CPU.Build.0 = Debug|Any CPU
		{5ED56844-ADB2-41AD-9457-4B65978B3CC5}.Debug|x64.ActiveCfg = Debug|Any CPU
		{5ED56844-ADB2-41AD-9457-4B65978B3CC5}.Debug|x64.Build.0 = Debug|Any CPU
		{5ED56844-ADB2-41AD-9457-4B65978B3CC5}.Debug|x86.ActiveCfg = Debug|Any CPU
		{5ED56844-ADB2-41AD-9457-4B65978B3CC5}.Debug|x86.Build.0 = Debug|Any CPU
		{5ED56844-ADB2-41AD-9457-4B65978B3CC5}.Release|Any CPU.ActiveCfg = Release|Any CPU
		{5ED56844-ADB2-41AD-9457-4B65978B3CC5}.Release|Any CPU.Build.0 = Release|Any CPU
		{5ED56844-ADB2-41AD-9457-4B65978B3CC5}.Release|x64.ActiveCfg = Release|Any CPU
		{5ED56844-ADB2-41AD-9457-4B65978B3CC5}.Release|x64.Build.0 = Release|Any CPU
		{5ED56844-ADB2-41AD-9457-4B65978B3CC5}.Release|x86.ActiveCfg = Release|Any CPU
		{5ED56844-ADB2-41AD-9457-4B65978B3CC5}.Release|x86.Build.0 = Release|Any CPU
		{B236EDA0-334D-49F3-AC3E-ED5B57B4CD8D}.Debug|Any CPU.ActiveCfg = Debug|Any CPU
		{B236EDA0-334D-49F3-AC3E-ED5B57B4CD8D}.Debug|Any CPU.Build.0 = Debug|Any CPU
		{B236EDA0-334D-49F3-AC3E-ED5B57B4CD8D}.Debug|x64.ActiveCfg = Debug|Any CPU
		{B236EDA0-334D-49F3-AC3E-ED5B57B4CD8D}.Debug|x64.Build.0 = Debug|Any CPU
		{B236EDA0-334D-49F3-AC3E-ED5B57B4CD8D}.Debug|x86.ActiveCfg = Debug|Any CPU
		{B236EDA0-334D-49F3-AC3E-ED5B57B4CD8D}.Debug|x86.Build.0 = Debug|Any CPU
		{B236EDA0-334D-49F3-AC3E-ED5B57B4CD8D}.Release|Any CPU.ActiveCfg = Release|Any CPU
		{B236EDA0-334D-49F3-AC3E-ED5B57B4CD8D}.Release|Any CPU.Build.0 = Release|Any CPU
		{B236EDA0-334D-49F3-AC3E-ED5B57B4CD8D}.Release|x64.ActiveCfg = Release|Any CPU
		{B236EDA0-334D-49F3-AC3E-ED5B57B4CD8D}.Release|x64.Build.0 = Release|Any CPU
		{B236EDA0-334D-49F3-AC3E-ED5B57B4CD8D}.Release|x86.ActiveCfg = Release|Any CPU
		{B236EDA0-334D-49F3-AC3E-ED5B57B4CD8D}.Release|x86.Build.0 = Release|Any CPU
	EndGlobalSection
EndGlobal
